PODS:
  - Alamofire (5.6.4)
  - Common (1.0.0):
    - KeychainAccess
  - CommonUI (1.0.0):
    - Common
    - FloatingPanel
    - IQKeyboardManagerSwift
    - Kingfisher
  - FloatingPanel (2.6.1)
  - IQKeyboardManagerSwift (6.5.11)
  - KeychainAccess (4.2.2)
  - Kingfisher (7.6.2)
  - netfox (1.21.0)
  - Networking (1.0.0):
    - Alamofire
    - Common
  - OHHTTPStubs (9.1.0):
    - OHHTTPStubs/Default (= 9.1.0)
  - OHHTTPStubs/Core (9.1.0)
  - OHHTTPStubs/Default (9.1.0):
    - OHHTTPStubs/Core
    - OHHTTPStubs/JSON
    - OHHTTPStubs/NSURLSession
    - OHHTTPStubs/OHPathHelpers
  - OHHTTPStubs/JSON (9.1.0):
    - OHHTTPStubs/Core
  - OHHTTPStubs/NSURLSession (9.1.0):
    - OHHTTPStubs/Core
  - OHHTTPStubs/OHPathHelpers (9.1.0)
  - OHHTTPStubs/Swift (9.1.0):
    - OHHTTPStubs/Default
  - SwiftLint (0.51.0)

DEPENDENCIES:
  - Common (from `./Modules/Common`)
  - CommonUI (from `./Modules/CommonUI`)
  - netfox
  - Networking (from `./Modules/Networking`)
  - OHHTTPStubs
  - OHHTTPStubs/Swift
  - SwiftLint

SPEC REPOS:
  https://github.com/CocoaPods/Specs.git:
    - Alamofire
    - FloatingPanel
    - IQKeyboardManagerSwift
    - KeychainAccess
    - Kingfisher
    - netfox
    - OHHTTPStubs
    - SwiftLint

EXTERNAL SOURCES:
  Common:
    :path: "./Modules/Common"
  CommonUI:
    :path: "./Modules/CommonUI"
  Networking:
    :path: "./Modules/Networking"

SPEC CHECKSUMS:
  Alamofire: 4e95d97098eacb88856099c4fc79b526a299e48c
  Common: 41deeb087b427cee6f61f4f4672f4008bb382159
  CommonUI: ebd1a95d4a915f160756566fdfb36cfb96664162
  FloatingPanel: de6bb891912ede28da7b1140f7b583c474fec28a
  IQKeyboardManagerSwift: c7955c0bdbf7b2eb29bb7daaa44e3d90f55a9a85
  KeychainAccess: c0c4f7f38f6fc7bbe58f5702e25f7bd2f65abf51
  Kingfisher: 6c5449c6450c5239166510ba04afe374a98afc4f
  netfox: 9d5cc727fe7576c4c7688a2504618a156b7d44b7
  Networking: 1d0905959d4a5cef5b43b2b7151ba454757b274a
  OHHTTPStubs: 90eac6d8f2c18317baeca36698523dc67c513831
  SwiftLint: 1b7561918a19e23bfed960e40759086e70f4dba5

PODFILE CHECKSUM: e5df5756b1bbfd6cddbbe8a2ef57153ef95eb5cf

COCOAPODS: 1.12.1
